// !$*UTF8*$!
{
	archiveVersion = 1;
	classes = {
	};
	objectVersion = 46;
	objects = {

/* Begin PBXBuildFile section */
		1D59715D1C22225A003D3409 /* AppDelegate.swift in Sources */ = {isa = PBXBuildFile; fileRef = 1D59715C1C22225A003D3409 /* AppDelegate.swift */; };
		1D59715F1C22225A003D3409 /* ViewController.swift in Sources */ = {isa = PBXBuildFile; fileRef = 1D59715E1C22225A003D3409 /* ViewController.swift */; };
		1D5971621C22225A003D3409 /* Main.storyboard in Resources */ = {isa = PBXBuildFile; fileRef = 1D5971601C22225A003D3409 /* Main.storyboard */; };
		1D5971641C22225A003D3409 /* Assets.xcassets in Resources */ = {isa = PBXBuildFile; fileRef = 1D5971631C22225A003D3409 /* Assets.xcassets */; };
		1D5971671C22225A003D3409 /* LaunchScreen.storyboard in Resources */ = {isa = PBXBuildFile; fileRef = 1D5971651C22225A003D3409 /* LaunchScreen.storyboard */; };
		1D59716F1C2223FE003D3409 /* pokemon.csv in Resources */ = {isa = PBXBuildFile; fileRef = 1D59716E1C2223FE003D3409 /* pokemon.csv */; };
/* End PBXBuildFile section */

/* Begin PBXFileReference section */
		1D5971591C22225A003D3409 /* Pokedex.app */ = {isa = PBXFileReference; explicitFileType = wrapper.application; includeInIndex = 0; path = Pokedex.app; sourceTree = BUILT_PRODUCTS_DIR; };
		1D59715C1C22225A003D3409 /* AppDelegate.swift */ = {isa = PBXFileReference; lastKnownFileType = sourcecode.swift; path = AppDelegate.swift; sourceTree = "<group>"; };
		1D59715E1C22225A003D3409 /* ViewController.swift */ = {isa = PBXFileReference; lastKnownFileType = sourcecode.swift; path = ViewController.swift; sourceTree = "<group>"; };
		1D5971611C22225A003D3409 /* Base */ = {isa = PBXFileReference; lastKnownFileType = file.storyboard; name = Base; path = Base.lproj/Main.storyboard; sourceTree = "<group>"; };
		1D5971631C22225A003D3409 /* Assets.xcassets */ = {isa = PBXFileReference; lastKnownFileType = folder.assetcatalog; path = Assets.xcassets; sourceTree = "<group>"; };
		1D5971661C22225A003D3409 /* Base */ = {isa = PBXFileReference; lastKnownFileType = file.storyboard; name = Base; path = Base.lproj/LaunchScreen.storyboard; sourceTree = "<group>"; };
		1D5971681C22225A003D3409 /* Info.plist */ = {isa = PBXFileReference; lastKnownFileType = text.plist.xml; path = Info.plist; sourceTree = "<group>"; };
		1D59716E1C2223FE003D3409 /* pokemon.csv */ = {isa = PBXFileReference; fileEncoding = 4; lastKnownFileType = text; path = pokemon.csv; sourceTree = "<group>"; };
/* End PBXFileReference section */

/* Begin PBXFrameworksBuildPhase section */
		1D5971561C22225A003D3409 /* Frameworks */ = {
			isa = PBXFrameworksBuildPhase;
			buildActionMask = 2147483647;
			files = (
			);
			runOnlyForDeploymentPostprocessing = 0;
		};
/* End PBXFrameworksBuildPhase section */

/* Begin PBXGroup section */
		1D5971501C22225A003D3409 = {
			isa = PBXGroup;
			children = (
				1D59715B1C22225A003D3409 /* Pokedex */,
				1D59715A1C22225A003D3409 /* Products */,
			);
			sourceTree = "<group>";
		};
		1D59715A1C22225A003D3409 /* Products */ = {
			isa = PBXGroup;
			children = (
				1D5971591C22225A003D3409 /* Pokedex.app */,
			);
			name = Products;
			sourceTree = "<group>";
		};
		1D59715B1C22225A003D3409 /* Pokedex */ = {
			isa = PBXGroup;
			children = (
				1D59715C1C22225A003D3409 /* AppDelegate.swift */,
				1D59715E1C22225A003D3409 /* ViewController.swift */,
				1D5971601C22225A003D3409 /* Main.storyboard */,
				1D5971631C22225A003D3409 /* Assets.xcassets */,
				1D5971651C22225A003D3409 /* LaunchScreen.storyboard */,
				1D59716E1C2223FE003D3409 /* pokemon.csv */,
				1D5971681C22225A003D3409 /* Info.plist */,
			);
			path = Pokedex;
			sourceTree = "<group>";
		};
/* End PBXGroup section */

/* Begin PBXNativeTarget section */
		1D5971581C22225A003D3409 /* Pokedex */ = {
			isa = PBXNativeTarget;
			buildConfigurationList = 1D59716B1C22225A003D3409 /* Build configuration list for PBXNativeTarget "Pokedex" */;
			buildPhases = (
				1D5971551C22225A003D3409 /* Sources */,
				1D5971561C22225A003D3409 /* Frameworks */,
				1D5971571C22225A003D3409 /* Resources */,
			);
			buildRules = (
			);
			dependencies = (
			);
			name = Pokedex;
			productName = Pokedex;
			productReference = 1D5971591C22225A003D3409 /* Pokedex.app */;
			productType = "com.apple.product-type.application";
		};
/* End PBXNativeTarget section */

/* Begin PBXProject section */
		1D5971511C22225A003D3409 /* Project object */ = {
			isa = PBXProject;
			attributes = {
				LastSwiftUpdateCheck = 0710;
				LastUpgradeCheck = 0710;
				ORGANIZATIONNAME = "Imran Khan";
				TargetAttributes = {
					1D5971581C22225A003D3409 = {
						CreatedOnToolsVersion = 7.1.1;
						DevelopmentTeam = 82QJ8J7ALJ;
					};
				};
			};
			buildConfigurationList = 1D5971541C22225A003D3409 /* Build configuration list for PBXProject "Pokedex" */;
			compatibilityVersion = "Xcode 3.2";
			developmentRegion = English;
			hasScannedForEncodings = 0;
			knownRegions = (
				en,
				Base,
			);
			mainGroup = 1D5971501C22225A003D3409;
			productRefGroup = 1D59715A1C22225A003D3409 /* Products */;
			projectDirPath = "";
			projectRoot = "";
			targets = (
				1D5971581C22225A003D3409 /* Pokedex */,
			);
		};
/* End PBXProject section */

/* Begin PBXResourcesBuildPhase section */
		1D5971571C22225A003D3409 /* Resources */ = {
			isa = PBXResourcesBuildPhase;
			buildActionMask = 2147483647;
			files = (
				1D5971671C22225A003D3409 /* LaunchScreen.storyboard in Resources */,
				1D5971641C22225A003D3409 /* Assets.xcassets in Resources */,
				1D59716F1C2223FE003D3409 /* pokemon.csv in Resources */,
				1D5971621C22225A003D3409 /* Main.storyboard in Resources */,
			);
			runOnlyForDeploymentPostprocessing = 0;
		};
/* End PBXResourcesBuildPhase section */

/* Begin PBXSourcesBuildPhase section */
		1D5971551C22225A003D3409 /* Sources */ = {
			isa = PBXSourcesBuildPhase;
			buildActionMask = 2147483647;
			files = (
				1D59715F1C22225A003D3409 /* ViewController.swift in Sources */,
				1D59715D1C22225A003D3409 /* AppDelegate.swift in Sources */,
			);
			runOnlyForDeploymentPostprocessing = 0;
		};
/* End PBXSourcesBuildPhase section */

/* Begin PBXVariantGroup section */
		1D5971601C22225A003D3409 /* Main.storyboard */ = {
			isa = PBXVariantGroup;
			children = (
				1D5971611C22225A003D3409 /* Base */,
			);
			name = Main.storyboard;
			sourceTree = "<group>";
		};
		1D5971651C22225A003D3409 /* LaunchScreen.storyboard */ = {
			isa = PBXVariantGroup;
			children = (
				1D5971661C22225A003D3409 /* Base */,
			);
			name = LaunchScreen.storyboard;
			sourceTree = "<group>";
		};
/* End PBXVariantGroup section */

/* Begin XCBuildConfiguration section */
		1D5971691C22225A003D3409 /* Debug */ = {
			isa = XCBuildConfiguration;
			buildSettings = {
				ALWAYS_SEARCH_USER_PATHS = NO;
				CLANG_CXX_LANGUAGE_STANDARD = "gnu++0x";
				CLANG_CXX_LIBRARY = "libc++";
				CLANG_ENABLE_MODULES = YES;
				CLANG_ENABLE_OBJC_ARC = YES;
				CLANG_WARN_BOOL_CONVERSION = YES;
				CLANG_WARN_CONSTANT_CONVERSION = YES;
				CLANG_WARN_DIRECT_OBJC_ISA_USAGE = YES_ERROR;
				CLANG_WARN_EMPTY_BODY = YES;
				CLANG_WARN_ENUM_CONVERSION = YES;
				CLANG_WARN_INT_CONVERSION = YES;
				CLANG_WARN_OBJC_ROOT_CLASS = YES_ERROR;
				CLANG_WARN_UNREACHABLE_CODE = YES;
				CLANG_WARN__DUPLICATE_METHOD_MATCH = YES;
				"CODE_SIGN_IDENTITY[sdk=iphoneos*]" = "iPhone Developer";
				COPY_PHASE_STRIP = NO;
				DEBUG_INFORMATION_FORMAT = dwarf;
				ENABLE_STRICT_OBJC_MSGSEND = YES;
				ENABLE_TESTABILITY = YES;
				GCC_C_LANGUAGE_STANDARD = gnu99;
				GCC_DYNAMIC_NO_PIC = NO;
				GCC_NO_COMMON_BLOCKS = YES;
				GCC_OPTIMIZATION_LEVEL = 0;
				GCC_PREPROCESSOR_DEFINITIONS = (
					"DEBUG=1",
					"$(inherited)",
				);
				GCC_WARN_64_TO_32_BIT_CONVERSION = YES;
				GCC_WARN_ABOUT_RETURN_TYPE = YES_ERROR;
				GCC_WARN_UNDECLARED_SELECTOR = YES;
				GCC_WARN_UNINITIALIZED_AUTOS = YES_AGGRESSIVE;
				GCC_WARN_UNUSED_FUNCTION = YES;
				GCC_WARN_UNUSED_VARIABLE = YES;
				IPHONEOS_DEPLOYMENT_TARGET = 9.1;
				MTL_ENABLE_DEBUG_INFO = YES;
				ONLY_ACTIVE_ARCH = YES;
				SDKROOT = iphoneos;
				SWIFT_OPTIMIZATION_LEVEL = "-Onone";
			};
			name = Debug;
		};
		1D59716A1C22225A003D3409 /* Release */ = {
			isa = XCBuildConfiguration;
			buildSettings = {
				ALWAYS_SEARCH_USER_PATHS = NO;
				CLANG_CXX_LANGUAGE_STANDARD = "gnu++0x";
				CLANG_CXX_LIBRARY = "libc++";
				CLANG_ENABLE_MODULES = YES;
				CLANG_ENABLE_OBJC_ARC = YES;
				CLANG_WARN_BOOL_CONVERSION = YES;
				CLANG_WARN_CONSTANT_CONVERSION = YES;
				CLANG_WARN_DIRECT_OBJC_ISA_USAGE = YES_ERROR;
				CLANG_WARN_EMPTY_BODY = YES;
				CLANG_WARN_ENUM_CONVERSION = YES;
				CLANG_WARN_INT_CONVERSION = YES;
				CLANG_WARN_OBJC_ROOT_CLASS = YES_ERROR;
				CLANG_WARN_UNREACHABLE_CODE = YES;
				CLANG_WARN__DUPLICATE_METHOD_MATCH = YES;
				"CODE_SIGN_IDENTITY[sdk=iphoneos*]" = "iPhone Developer";
				COPY_PHASE_STRIP = NO;
				DEBUG_INFORMATION_FORMAT = "dwarf-with-dsym";
				ENABLE_NS_ASSERTIONS = NO;
				ENABLE_STRICT_OBJC_MSGSEND = YES;
				GCC_C_LANGUAGE_STANDARD = gnu99;
				GCC_NO_COMMON_BLOCKS = YES;
				GCC_WARN_64_TO_32_BIT_CONVERSION = YES;
				GCC_WARN_ABOUT_RETURN_TYPE = YES_ERROR;
				GCC_WARN_UNDECLARED_SELECTOR = YES;
				GCC_WARN_UNINITIALIZED_AUTOS = YES_AGGRESSIVE;
				GCC_WARN_UNUSED_FUNCTION = YES;
				GCC_WARN_UNUSED_VARIABLE = YES;
				IPHONEOS_DEPLOYMENT_TARGET = 9.1;
				MTL_ENABLE_DEBUG_INFO = NO;
				SDKROOT = iphoneos;
				VALIDATE_PRODUCT = YES;
			};
			name = Release;
		};
		1D59716C1C22225A003D3409 /* Debug */ = {
			isa = XCBuildConfiguration;
			buildSettings = {
				ASSETCATALOG_COMPILER_APPICON_NAME = AppIcon;
				CODE_SIGN_IDENTITY = "iPhone Developer";
				INFOPLIST_FILE = Pokedex/Info.plist;
				LD_RUNPATH_SEARCH_PATHS = "$(inherited) @executable_path/Frameworks";
				PRODUCT_BUNDLE_IDENTIFIER = pinro.Pokedex;
				PRODUCT_NAME = "$(TARGET_NAME)";
			};
			name = Debug;
		};
		1D59716D1C22225A003D3409 /* Release */ = {
			isa = XCBuildConfiguration;
			buildSettings = {
				ASSETCATALOG_COMPILER_APPICON_NAME = AppIcon;
				CODE_SIGN_IDENTITY = "iPhone Developer";
				INFOPLIST_FILE = Pokedex/Info.plist;
				LD_RUNPATH_SEARCH_PATHS = "$(inherited) @executable_path/Frameworks";
				PRODUCT_BUNDLE_IDENTIFIER = pinro.Pokedex;
				PRODUCT_NAME = "$(TARGET_NAME)";
			};
			name = Release;
		};
/* End XCBuildConfiguration section */

/* Begin XCConfigurationList section */
		1D5971541C22225A003D3409 /* Build configuration list for PBXProject "Pokedex" */ = {
			isa = XCConfigurationList;
			buildConfigurations = (
				1D5971691C22225A003D3409 /* Debug */,
				1D59716A1C22225A003D3409 /* Release */,
			);
			defaultConfigurationIsVisible = 0;
			defaultConfigurationName = Release;
		};
		1D59716B1C22225A003D3409 /* Build configuration list for PBXNativeTarget "Pokedex" */ = {
			isa = XCConfigurationList;
			buildConfigurations = (
				1D59716C1C22225A003D3409 /* Debug */,
				1D59716D1C22225A003D3409 /* Release */,
			);
			defaultConfigurationIsVisible = 0;
		};
/* End XCConfigurationList section */
	};
	rootObject = 1D5971511C22225A003D3409 /* Project object */;
}
